
Microsoft Visual Studio Solution File, Format Version 12.00
# Visual Studio Version 16
Project("{2150E333-8FDC-42A3-9474-1A3956D46DE8}") = "CMakePredefinedTargets", "CMakePredefinedTargets", "{DBFB4220-06F7-3223-8515-BD18195950F9}"
EndProject
Project("{8BC9CEB8-8B4A-11D0-8D11-00A0C91BC942}") = "ALL_BUILD", "ALL_BUILD.vcxproj", "{B0296C3E-5DD2-35E6-B2D6-E8B0687B6C84}"
	ProjectSection(ProjectDependencies) = postProject
		{7FA8EFFF-9BA8-3F39-85EC-A55298D1E8C8} = {7FA8EFFF-9BA8-3F39-85EC-A55298D1E8C8}
		{5E5211FA-91E3-3936-859E-5403F2359FE8} = {5E5211FA-91E3-3936-859E-5403F2359FE8}
	EndProjectSection
EndProject
Project("{8BC9CEB8-8B4A-11D0-8D11-00A0C91BC942}") = "Dainsleif", "Dainsleif.vcxproj", "{7FA8EFFF-9BA8-3F39-85EC-A55298D1E8C8}"
	ProjectSection(ProjectDependencies) = postProject
		{5E5211FA-91E3-3936-859E-5403F2359FE8} = {5E5211FA-91E3-3936-859E-5403F2359FE8}
	EndProjectSection
EndProject
Project("{8BC9CEB8-8B4A-11D0-8D11-00A0C91BC942}") = "ZERO_CHECK", "ZERO_CHECK.vcxproj", "{5E5211FA-91E3-3936-859E-5403F2359FE8}"
	ProjectSection(ProjectDependencies) = postProject
	EndProjectSection
EndProject
Global
	GlobalSection(SolutionConfigurationPlatforms) = preSolution
		Debug|Win32 = Debug|Win32
		Release|Win32 = Release|Win32
		MinSizeRel|Win32 = MinSizeRel|Win32
		RelWithDebInfo|Win32 = RelWithDebInfo|Win32
	EndGlobalSection
	GlobalSection(ProjectConfigurationPlatforms) = postSolution
		{B0296C3E-5DD2-35E6-B2D6-E8B0687B6C84}.Debug|Win32.ActiveCfg = Debug|Win32
		{B0296C3E-5DD2-35E6-B2D6-E8B0687B6C84}.Release|Win32.ActiveCfg = Release|Win32
		{B0296C3E-5DD2-35E6-B2D6-E8B0687B6C84}.MinSizeRel|Win32.ActiveCfg = MinSizeRel|Win32
		{B0296C3E-5DD2-35E6-B2D6-E8B0687B6C84}.RelWithDebInfo|Win32.ActiveCfg = RelWithDebInfo|Win32
		{7FA8EFFF-9BA8-3F39-85EC-A55298D1E8C8}.Debug|Win32.ActiveCfg = Debug|Win32
		{7FA8EFFF-9BA8-3F39-85EC-A55298D1E8C8}.Debug|Win32.Build.0 = Debug|Win32
		{7FA8EFFF-9BA8-3F39-85EC-A55298D1E8C8}.Release|Win32.ActiveCfg = Release|Win32
		{7FA8EFFF-9BA8-3F39-85EC-A55298D1E8C8}.Release|Win32.Build.0 = Release|Win32
		{7FA8EFFF-9BA8-3F39-85EC-A55298D1E8C8}.MinSizeRel|Win32.ActiveCfg = MinSizeRel|Win32
		{7FA8EFFF-9BA8-3F39-85EC-A55298D1E8C8}.MinSizeRel|Win32.Build.0 = MinSizeRel|Win32
		{7FA8EFFF-9BA8-3F39-85EC-A55298D1E8C8}.RelWithDebInfo|Win32.ActiveCfg = RelWithDebInfo|Win32
		{7FA8EFFF-9BA8-3F39-85EC-A55298D1E8C8}.RelWithDebInfo|Win32.Build.0 = RelWithDebInfo|Win32
		{5E5211FA-91E3-3936-859E-5403F2359FE8}.Debug|Win32.ActiveCfg = Debug|Win32
		{5E5211FA-91E3-3936-859E-5403F2359FE8}.Debug|Win32.Build.0 = Debug|Win32
		{5E5211FA-91E3-3936-859E-5403F2359FE8}.Release|Win32.ActiveCfg = Release|Win32
		{5E5211FA-91E3-3936-859E-5403F2359FE8}.Release|Win32.Build.0 = Release|Win32
		{5E5211FA-91E3-3936-859E-5403F2359FE8}.MinSizeRel|Win32.ActiveCfg = MinSizeRel|Win32
		{5E5211FA-91E3-3936-859E-5403F2359FE8}.MinSizeRel|Win32.Build.0 = MinSizeRel|Win32
		{5E5211FA-91E3-3936-859E-5403F2359FE8}.RelWithDebInfo|Win32.ActiveCfg = RelWithDebInfo|Win32
		{5E5211FA-91E3-3936-859E-5403F2359FE8}.RelWithDebInfo|Win32.Build.0 = RelWithDebInfo|Win32
	EndGlobalSection
	GlobalSection(NestedProjects) = preSolution
		{B0296C3E-5DD2-35E6-B2D6-E8B0687B6C84} = {DBFB4220-06F7-3223-8515-BD18195950F9}
		{5E5211FA-91E3-3936-859E-5403F2359FE8} = {DBFB4220-06F7-3223-8515-BD18195950F9}
	EndGlobalSection
	GlobalSection(ExtensibilityGlobals) = postSolution
		SolutionGuid = {D5891E9B-6C62-347F-8B61-FDE68A8B42ED}
	EndGlobalSection
	GlobalSection(ExtensibilityAddIns) = postSolution
	EndGlobalSection
EndGlobal
